
Microsoft Visual Studio Solution File, Format Version 12.00
# Visual Studio Version 17
VisualStudioVersion = 17.13.35818.85
MinimumVisualStudioVersion = 10.0.40219.1
Project("{2150E333-8FDC-42A3-9474-1A3956D46DE8}") = "Services", "Services", "{02EA681E-C7D8-13C7-8484-4AC65E1B71E8}"
EndProject
Project("{2150E333-8FDC-42A3-9474-1A3956D46DE8}") = "BuildingBlocks", "BuildingBlocks", "{6346064E-88E6-40CD-8FAC-7EB59FAE3A6E}"
EndProject
Project("{2150E333-8FDC-42A3-9474-1A3956D46DE8}") = "Identity", "Identity", "{6A0183A8-EF10-4EAC-8149-CF76672ACC05}"
EndProject
Project("{2150E333-8FDC-42A3-9474-1A3956D46DE8}") = "CategoryService", "CategoryService", "{B3DCEA4E-348A-450A-B0E4-F854ADABD979}"
EndProject
Project("{FAE04EC0-301F-11D3-BF4B-00C04F79EFBC}") = "CategoryService.API", "CategoryService.API\CategoryService.API.csproj", "{7C38D376-8DB6-478C-BA09-019466EE3D63}"
EndProject
Project("{FAE04EC0-301F-11D3-BF4B-00C04F79EFBC}") = "CategoryService.Application", "CategoryService.Application\CategoryService.Application.csproj", "{8EA1FFD1-C5EB-4154-8F05-C7E0374AB989}"
EndProject
Project("{FAE04EC0-301F-11D3-BF4B-00C04F79EFBC}") = "CategoryService.Domain", "Category.Domain\CategoryService.Domain.csproj", "{A50786AB-7DF1-4AC5-96E5-F81602107CB8}"
EndProject
Project("{FAE04EC0-301F-11D3-BF4B-00C04F79EFBC}") = "CategoryService.Infrastructure", "CatgoryService.Infrastructure\CategoryService.Infrastructure.csproj", "{3DECAA0C-3242-46B5-96B4-010CECE3319B}"
EndProject
Project("{2150E333-8FDC-42A3-9474-1A3956D46DE8}") = "EventBus", "EventBus", "{EDF3AE13-9B23-49F8-AE91-CE468ADD56C8}"
EndProject
Project("{2150E333-8FDC-42A3-9474-1A3956D46DE8}") = "SharedKernel", "SharedKernel", "{CA75D957-FD09-45AF-AFB7-100318E2EDF6}"
EndProject
Project("{2150E333-8FDC-42A3-9474-1A3956D46DE8}") = "CommonLibraries", "CommonLibraries", "{370A2474-6FB3-4708-85B4-A74165D9B9F1}"
EndProject
Project("{2150E333-8FDC-42A3-9474-1A3956D46DE8}") = "IdentityServer", "IdentityServer", "{4FC6D2BF-B02D-4FDB-9EAE-9C3BC98D451A}"
EndProject
Project("{2150E333-8FDC-42A3-9474-1A3956D46DE8}") = "Docker", "Docker", "{67B04BD2-DC6A-4386-8CAC-A0D7EF1F92AC}"
EndProject
Project("{2150E333-8FDC-42A3-9474-1A3956D46DE8}") = "Tests", "Tests", "{C9084680-EDCD-42B6-AE44-B2CC8CB651FA}"
EndProject
Project("{2150E333-8FDC-42A3-9474-1A3956D46DE8}") = "Gateway", "Gateway", "{6E759DA2-8802-4437-A5F4-B967C0C7FA12}"
EndProject
Project("{FAE04EC0-301F-11D3-BF4B-00C04F79EFBC}") = "ApiGateway", "ApiGateway\ApiGateway.csproj", "{0288FC82-FB60-4CE6-B8DC-9949EEB1AD69}"
EndProject
Global
	GlobalSection(SolutionConfigurationPlatforms) = preSolution
		Debug|Any CPU = Debug|Any CPU
		Release|Any CPU = Release|Any CPU
	EndGlobalSection
	GlobalSection(ProjectConfigurationPlatforms) = postSolution
		{7C38D376-8DB6-478C-BA09-019466EE3D63}.Debug|Any CPU.ActiveCfg = Debug|Any CPU
		{7C38D376-8DB6-478C-BA09-019466EE3D63}.Debug|Any CPU.Build.0 = Debug|Any CPU
		{7C38D376-8DB6-478C-BA09-019466EE3D63}.Release|Any CPU.ActiveCfg = Release|Any CPU
		{7C38D376-8DB6-478C-BA09-019466EE3D63}.Release|Any CPU.Build.0 = Release|Any CPU
		{8EA1FFD1-C5EB-4154-8F05-C7E0374AB989}.Debug|Any CPU.ActiveCfg = Debug|Any CPU
		{8EA1FFD1-C5EB-4154-8F05-C7E0374AB989}.Debug|Any CPU.Build.0 = Debug|Any CPU
		{8EA1FFD1-C5EB-4154-8F05-C7E0374AB989}.Release|Any CPU.ActiveCfg = Release|Any CPU
		{8EA1FFD1-C5EB-4154-8F05-C7E0374AB989}.Release|Any CPU.Build.0 = Release|Any CPU
		{A50786AB-7DF1-4AC5-96E5-F81602107CB8}.Debug|Any CPU.ActiveCfg = Debug|Any CPU
		{A50786AB-7DF1-4AC5-96E5-F81602107CB8}.Debug|Any CPU.Build.0 = Debug|Any CPU
		{A50786AB-7DF1-4AC5-96E5-F81602107CB8}.Release|Any CPU.ActiveCfg = Release|Any CPU
		{A50786AB-7DF1-4AC5-96E5-F81602107CB8}.Release|Any CPU.Build.0 = Release|Any CPU
		{3DECAA0C-3242-46B5-96B4-010CECE3319B}.Debug|Any CPU.ActiveCfg = Debug|Any CPU
		{3DECAA0C-3242-46B5-96B4-010CECE3319B}.Debug|Any CPU.Build.0 = Debug|Any CPU
		{3DECAA0C-3242-46B5-96B4-010CECE3319B}.Release|Any CPU.ActiveCfg = Release|Any CPU
		{3DECAA0C-3242-46B5-96B4-010CECE3319B}.Release|Any CPU.Build.0 = Release|Any CPU
		{0288FC82-FB60-4CE6-B8DC-9949EEB1AD69}.Debug|Any CPU.ActiveCfg = Debug|Any CPU
		{0288FC82-FB60-4CE6-B8DC-9949EEB1AD69}.Debug|Any CPU.Build.0 = Debug|Any CPU
		{0288FC82-FB60-4CE6-B8DC-9949EEB1AD69}.Release|Any CPU.ActiveCfg = Release|Any CPU
		{0288FC82-FB60-4CE6-B8DC-9949EEB1AD69}.Release|Any CPU.Build.0 = Release|Any CPU
	EndGlobalSection
	GlobalSection(SolutionProperties) = preSolution
		HideSolutionNode = FALSE
	EndGlobalSection
	GlobalSection(NestedProjects) = preSolution
		{B3DCEA4E-348A-450A-B0E4-F854ADABD979} = {02EA681E-C7D8-13C7-8484-4AC65E1B71E8}
		{7C38D376-8DB6-478C-BA09-019466EE3D63} = {B3DCEA4E-348A-450A-B0E4-F854ADABD979}
		{8EA1FFD1-C5EB-4154-8F05-C7E0374AB989} = {B3DCEA4E-348A-450A-B0E4-F854ADABD979}
		{A50786AB-7DF1-4AC5-96E5-F81602107CB8} = {B3DCEA4E-348A-450A-B0E4-F854ADABD979}
		{3DECAA0C-3242-46B5-96B4-010CECE3319B} = {B3DCEA4E-348A-450A-B0E4-F854ADABD979}
		{EDF3AE13-9B23-49F8-AE91-CE468ADD56C8} = {6346064E-88E6-40CD-8FAC-7EB59FAE3A6E}
		{CA75D957-FD09-45AF-AFB7-100318E2EDF6} = {6346064E-88E6-40CD-8FAC-7EB59FAE3A6E}
		{370A2474-6FB3-4708-85B4-A74165D9B9F1} = {6346064E-88E6-40CD-8FAC-7EB59FAE3A6E}
		{4FC6D2BF-B02D-4FDB-9EAE-9C3BC98D451A} = {6A0183A8-EF10-4EAC-8149-CF76672ACC05}
		{0288FC82-FB60-4CE6-B8DC-9949EEB1AD69} = {6E759DA2-8802-4437-A5F4-B967C0C7FA12}
	EndGlobalSection
	GlobalSection(ExtensibilityGlobals) = postSolution
		SolutionGuid = {A65BF694-A600-403B-86D0-218041CC4151}
	EndGlobalSection
EndGlobal
